
Microsoft Visual Studio Solution File, Format Version 12.00
# Visual Studio 2013
VisualStudioVersion = 12.0.30501.0
MinimumVisualStudioVersion = 10.0.40219.1
Project("{FAE04EC0-301F-11D3-BF4B-00C04F79EFBC}") = "EventSourcing", "EventSourcing\EventSourcing.csproj", "{BDDB5A4A-977C-4D57-B6BD-3794D882E526}"
EndProject
Project("{FAE04EC0-301F-11D3-BF4B-00C04F79EFBC}") = "Tests", "Tests\Tests.csproj", "{B9C416B1-E94A-456B-82BC-8CE74ABC6D62}"
EndProject
Global
	GlobalSection(SolutionConfigurationPlatforms) = preSolution
		Debug|Any CPU = Debug|Any CPU
		Release|Any CPU = Release|Any CPU
	EndGlobalSection
	GlobalSection(ProjectConfigurationPlatforms) = postSolution
		{BDDB5A4A-977C-4D57-B6BD-3794D882E526}.Debug|Any CPU.ActiveCfg = Debug|Any CPU
		{BDDB5A4A-977C-4D57-B6BD-3794D882E526}.Debug|Any CPU.Build.0 = Debug|Any CPU
		{BDDB5A4A-977C-4D57-B6BD-3794D882E526}.Release|Any CPU.ActiveCfg = Release|Any CPU
		{BDDB5A4A-977C-4D57-B6BD-3794D882E526}.Release|Any CPU.Build.0 = Release|Any CPU
		{B9C416B1-E94A-456B-82BC-8CE74ABC6D62}.Debug|Any CPU.ActiveCfg = Debug|Any CPU
		{B9C416B1-E94A-456B-82BC-8CE74ABC6D62}.Debug|Any CPU.Build.0 = Debug|Any CPU
		{B9C416B1-E94A-456B-82BC-8CE74ABC6D62}.Release|Any CPU.ActiveCfg = Release|Any CPU
		{B9C416B1-E94A-456B-82BC-8CE74ABC6D62}.Release|Any CPU.Build.0 = Release|Any CPU
	EndGlobalSection
	GlobalSection(SolutionProperties) = preSolution
		HideSolutionNode = FALSE
	EndGlobalSection
EndGlobal
