
Microsoft Visual Studio Solution File, Format Version 12.00
# Visual Studio 2013
VisualStudioVersion = 12.0.30501.0
MinimumVisualStudioVersion = 10.0.40219.1
Project("{FAE04EC0-301F-11D3-BF4B-00C04F79EFBC}") = "EntitiesLegacy", "EntitiesLegacy\EntitiesLegacy.csproj", "{0F3B1C08-9CBC-4976-ABE4-D0BA95919ECE}"
EndProject
Project("{FAE04EC0-301F-11D3-BF4B-00C04F79EFBC}") = "EntitiesCqrs", "EntitiesCqrs\EntitiesCqrs.csproj", "{F40E9053-6CF3-4895-943B-58153E982D99}"
EndProject
Project("{FAE04EC0-301F-11D3-BF4B-00C04F79EFBC}") = "Tests", "Tests\Tests.csproj", "{9987C993-02C3-4B0B-82D5-4565C66AB6AB}"
EndProject
Project("{FAE04EC0-301F-11D3-BF4B-00C04F79EFBC}") = "EntitiesCqrsCommandHandler", "EntitiesCqrsCommandHandler\EntitiesCqrsCommandHandler.csproj", "{AEA84F39-0AE7-4F77-B70F-14CEE303983C}"
EndProject
Project("{FAE04EC0-301F-11D3-BF4B-00C04F79EFBC}") = "EntitiesCqrsCommandHandlerTests", "EntitiesCqrsCommandHandlerTests\EntitiesCqrsCommandHandlerTests.csproj", "{20EBC45E-48AB-447F-AB31-254D43B3979D}"
EndProject
Global
	GlobalSection(SolutionConfigurationPlatforms) = preSolution
		Debug|Any CPU = Debug|Any CPU
		Release|Any CPU = Release|Any CPU
	EndGlobalSection
	GlobalSection(ProjectConfigurationPlatforms) = postSolution
		{0F3B1C08-9CBC-4976-ABE4-D0BA95919ECE}.Debug|Any CPU.ActiveCfg = Debug|Any CPU
		{0F3B1C08-9CBC-4976-ABE4-D0BA95919ECE}.Debug|Any CPU.Build.0 = Debug|Any CPU
		{0F3B1C08-9CBC-4976-ABE4-D0BA95919ECE}.Release|Any CPU.ActiveCfg = Release|Any CPU
		{0F3B1C08-9CBC-4976-ABE4-D0BA95919ECE}.Release|Any CPU.Build.0 = Release|Any CPU
		{F40E9053-6CF3-4895-943B-58153E982D99}.Debug|Any CPU.ActiveCfg = Debug|Any CPU
		{F40E9053-6CF3-4895-943B-58153E982D99}.Debug|Any CPU.Build.0 = Debug|Any CPU
		{F40E9053-6CF3-4895-943B-58153E982D99}.Release|Any CPU.ActiveCfg = Release|Any CPU
		{F40E9053-6CF3-4895-943B-58153E982D99}.Release|Any CPU.Build.0 = Release|Any CPU
		{9987C993-02C3-4B0B-82D5-4565C66AB6AB}.Debug|Any CPU.ActiveCfg = Debug|Any CPU
		{9987C993-02C3-4B0B-82D5-4565C66AB6AB}.Debug|Any CPU.Build.0 = Debug|Any CPU
		{9987C993-02C3-4B0B-82D5-4565C66AB6AB}.Release|Any CPU.ActiveCfg = Release|Any CPU
		{9987C993-02C3-4B0B-82D5-4565C66AB6AB}.Release|Any CPU.Build.0 = Release|Any CPU
		{AEA84F39-0AE7-4F77-B70F-14CEE303983C}.Debug|Any CPU.ActiveCfg = Debug|Any CPU
		{AEA84F39-0AE7-4F77-B70F-14CEE303983C}.Debug|Any CPU.Build.0 = Debug|Any CPU
		{AEA84F39-0AE7-4F77-B70F-14CEE303983C}.Release|Any CPU.ActiveCfg = Release|Any CPU
		{AEA84F39-0AE7-4F77-B70F-14CEE303983C}.Release|Any CPU.Build.0 = Release|Any CPU
		{20EBC45E-48AB-447F-AB31-254D43B3979D}.Debug|Any CPU.ActiveCfg = Debug|Any CPU
		{20EBC45E-48AB-447F-AB31-254D43B3979D}.Debug|Any CPU.Build.0 = Debug|Any CPU
		{20EBC45E-48AB-447F-AB31-254D43B3979D}.Release|Any CPU.ActiveCfg = Release|Any CPU
		{20EBC45E-48AB-447F-AB31-254D43B3979D}.Release|Any CPU.Build.0 = Release|Any CPU
	EndGlobalSection
	GlobalSection(SolutionProperties) = preSolution
		HideSolutionNode = FALSE
	EndGlobalSection
EndGlobal
